
Microsoft Visual Studio Solution File, Format Version 12.00
# Visual Studio Version 16
VisualStudioVersion = 16.0.30523.141
MinimumVisualStudioVersion = 10.0.40219.1
Project("{9A19103F-16F7-4668-BE54-9A1E7A4F7556}") = "Laraue.EfCoreTriggers.Common", "src\Laraue.EfCoreTriggers.Common\Laraue.EfCoreTriggers.Common.csproj", "{ECCF70FF-4296-4680-AD53-AA8352C4D663}"
EndProject
Project("{9A19103F-16F7-4668-BE54-9A1E7A4F7556}") = "Laraue.EfCoreTriggers.PostgreSqlTests", "tests\Laraue.EfCoreTriggers.PostgreSqlTests\Laraue.EfCoreTriggers.PostgreSqlTests.csproj", "{6D06F2CF-1D9D-43DA-AD0D-1EE0BE986481}"
EndProject
Project("{9A19103F-16F7-4668-BE54-9A1E7A4F7556}") = "Laraue.EfCoreTriggers.Tests", "tests\Laraue.EfCoreTriggers.Tests\Laraue.EfCoreTriggers.Tests.csproj", "{156ECBF1-D1FF-48C5-94F8-362D05263C61}"
EndProject
Project("{9A19103F-16F7-4668-BE54-9A1E7A4F7556}") = "Laraue.EfCoreTriggers.SqlServerTests", "tests\Laraue.EfCoreTriggers.SqlServerTests\Laraue.EfCoreTriggers.SqlServerTests.csproj", "{D1C6E7C5-3018-41AC-AD56-A054FF310B57}"
EndProject
Project("{9A19103F-16F7-4668-BE54-9A1E7A4F7556}") = "Laraue.EfCoreTriggers.SqlLiteTests", "tests\Laraue.EfCoreTriggers.SqlLiteTests\Laraue.EfCoreTriggers.SqlLiteTests.csproj", "{A2D4331D-EA4B-4F01-83EF-D2EE4A8097A7}"
EndProject
Project("{2150E333-8FDC-42A3-9474-1A3956D46DE8}") = "tests", "tests", "{7EE4BD3E-BA14-4823-A5E7-1464B3591407}"
EndProject
Project("{2150E333-8FDC-42A3-9474-1A3956D46DE8}") = "src", "src", "{9CDC27E2-01F4-4AA6-972C-D140415AA103}"
EndProject
Project("{9A19103F-16F7-4668-BE54-9A1E7A4F7556}") = "Laraue.EfCoreTriggers.PostgreSql", "src\Laraue.EfCoreTriggers.PostgreSql\Laraue.EfCoreTriggers.PostgreSql.csproj", "{95D6BB4B-77E8-42F2-B9FC-E6740DC89437}"
EndProject
Project("{9A19103F-16F7-4668-BE54-9A1E7A4F7556}") = "Laraue.EfCoreTriggers.SqlLite", "src\Laraue.EfCoreTriggers.SqlLite\Laraue.EfCoreTriggers.SqlLite.csproj", "{EAF57617-5657-47D1-A719-424E1D6A63E8}"
EndProject
Project("{9A19103F-16F7-4668-BE54-9A1E7A4F7556}") = "Laraue.EfCoreTriggers.MySql", "src\Laraue.EfCoreTriggers.MySql\Laraue.EfCoreTriggers.MySql.csproj", "{7B377F09-D92F-4844-AFC7-6642AC6174D1}"
EndProject
Project("{9A19103F-16F7-4668-BE54-9A1E7A4F7556}") = "Laraue.EfCoreTriggers.SqlServer", "src\Laraue.EfCoreTriggers.SqlServer\Laraue.EfCoreTriggers.SqlServer.csproj", "{FBB5388A-4AFD-4891-A90A-51E59E364278}"
EndProject
Project("{FAE04EC0-301F-11D3-BF4B-00C04F79EFBC}") = "Laraue.EfCoreTriggers.TestMigration", "tests\Laraue.EfCoreTriggers.TestMigration\Laraue.EfCoreTriggers.TestMigration.csproj", "{50F9C440-4B10-4890-A266-A890341382EA}"
EndProject
Project("{FAE04EC0-301F-11D3-BF4B-00C04F79EFBC}") = "Laraue.Linq2Triggers.Core", "src\Laraue.Linq2Triggers.Core\Laraue.Linq2Triggers.Core.csproj", "{955DBECF-08AD-4279-BEC1-FFFE8E6BD716}"
EndProject
Project("{FAE04EC0-301F-11D3-BF4B-00C04F79EFBC}") = "Laraue.Linq2Triggers.Providers.Sqlite", "src\Laraue.Linq2Triggers.Providers.Sqlite\Laraue.Linq2Triggers.Providers.Sqlite.csproj", "{A1C82905-D3CD-4AE3-A721-A87DD6CCAC7C}"
EndProject
Project("{FAE04EC0-301F-11D3-BF4B-00C04F79EFBC}") = "Laraue.Linq2Triggers.Providers.MySql", "src\Laraue.Linq2Triggers.Providers.MySql\Laraue.Linq2Triggers.Providers.MySql.csproj", "{951A12A2-5F7D-4B70-922F-0C732E19674C}"
EndProject
Project("{FAE04EC0-301F-11D3-BF4B-00C04F79EFBC}") = "Laraue.Linq2Triggers.Providers.PostgreSql", "src\Laraue.Linq2Triggers.Providers.PostgreSql\Laraue.Linq2Triggers.Providers.PostgreSql.csproj", "{E8456FDA-3423-4A10-9502-0E35D2016B22}"
EndProject
Project("{FAE04EC0-301F-11D3-BF4B-00C04F79EFBC}") = "Laraue.Linq2Triggers.Providers.SqlServer", "src\Laraue.Linq2Triggers.Providers.SqlServer\Laraue.Linq2Triggers.Providers.SqlServer.csproj", "{79D843C8-6ADF-4ACB-A0D4-CCEAE251F8FE}"
EndProject
Project("{2150E333-8FDC-42A3-9474-1A3956D46DE8}") = "core", "core", "{655AC9AF-B85B-43D3-B989-6FEA80417042}"
EndProject
Project("{2150E333-8FDC-42A3-9474-1A3956D46DE8}") = "ef", "ef", "{7E78BA60-159E-4E0C-973F-F00DA159D68C}"
EndProject
Global
	GlobalSection(SolutionConfigurationPlatforms) = preSolution
		Debug|Any CPU = Debug|Any CPU
		Release|Any CPU = Release|Any CPU
	EndGlobalSection
	GlobalSection(ProjectConfigurationPlatforms) = postSolution
		{ECCF70FF-4296-4680-AD53-AA8352C4D663}.Debug|Any CPU.ActiveCfg = Debug|Any CPU
		{ECCF70FF-4296-4680-AD53-AA8352C4D663}.Debug|Any CPU.Build.0 = Debug|Any CPU
		{ECCF70FF-4296-4680-AD53-AA8352C4D663}.Release|Any CPU.ActiveCfg = Release|Any CPU
		{ECCF70FF-4296-4680-AD53-AA8352C4D663}.Release|Any CPU.Build.0 = Release|Any CPU
		{6D06F2CF-1D9D-43DA-AD0D-1EE0BE986481}.Debug|Any CPU.ActiveCfg = Debug|Any CPU
		{6D06F2CF-1D9D-43DA-AD0D-1EE0BE986481}.Debug|Any CPU.Build.0 = Debug|Any CPU
		{6D06F2CF-1D9D-43DA-AD0D-1EE0BE986481}.Release|Any CPU.ActiveCfg = Release|Any CPU
		{6D06F2CF-1D9D-43DA-AD0D-1EE0BE986481}.Release|Any CPU.Build.0 = Release|Any CPU
		{156ECBF1-D1FF-48C5-94F8-362D05263C61}.Debug|Any CPU.ActiveCfg = Debug|Any CPU
		{156ECBF1-D1FF-48C5-94F8-362D05263C61}.Debug|Any CPU.Build.0 = Debug|Any CPU
		{156ECBF1-D1FF-48C5-94F8-362D05263C61}.Release|Any CPU.ActiveCfg = Release|Any CPU
		{156ECBF1-D1FF-48C5-94F8-362D05263C61}.Release|Any CPU.Build.0 = Release|Any CPU
		{D1C6E7C5-3018-41AC-AD56-A054FF310B57}.Debug|Any CPU.ActiveCfg = Debug|Any CPU
		{D1C6E7C5-3018-41AC-AD56-A054FF310B57}.Debug|Any CPU.Build.0 = Debug|Any CPU
		{D1C6E7C5-3018-41AC-AD56-A054FF310B57}.Release|Any CPU.ActiveCfg = Release|Any CPU
		{D1C6E7C5-3018-41AC-AD56-A054FF310B57}.Release|Any CPU.Build.0 = Release|Any CPU
		{A2D4331D-EA4B-4F01-83EF-D2EE4A8097A7}.Debug|Any CPU.ActiveCfg = Debug|Any CPU
		{A2D4331D-EA4B-4F01-83EF-D2EE4A8097A7}.Debug|Any CPU.Build.0 = Debug|Any CPU
		{A2D4331D-EA4B-4F01-83EF-D2EE4A8097A7}.Release|Any CPU.ActiveCfg = Release|Any CPU
		{A2D4331D-EA4B-4F01-83EF-D2EE4A8097A7}.Release|Any CPU.Build.0 = Release|Any CPU
		{95D6BB4B-77E8-42F2-B9FC-E6740DC89437}.Debug|Any CPU.ActiveCfg = Debug|Any CPU
		{95D6BB4B-77E8-42F2-B9FC-E6740DC89437}.Debug|Any CPU.Build.0 = Debug|Any CPU
		{95D6BB4B-77E8-42F2-B9FC-E6740DC89437}.Release|Any CPU.ActiveCfg = Release|Any CPU
		{95D6BB4B-77E8-42F2-B9FC-E6740DC89437}.Release|Any CPU.Build.0 = Release|Any CPU
		{EAF57617-5657-47D1-A719-424E1D6A63E8}.Debug|Any CPU.ActiveCfg = Debug|Any CPU
		{EAF57617-5657-47D1-A719-424E1D6A63E8}.Debug|Any CPU.Build.0 = Debug|Any CPU
		{EAF57617-5657-47D1-A719-424E1D6A63E8}.Release|Any CPU.ActiveCfg = Release|Any CPU
		{EAF57617-5657-47D1-A719-424E1D6A63E8}.Release|Any CPU.Build.0 = Release|Any CPU
		{7B377F09-D92F-4844-AFC7-6642AC6174D1}.Debug|Any CPU.ActiveCfg = Debug|Any CPU
		{7B377F09-D92F-4844-AFC7-6642AC6174D1}.Debug|Any CPU.Build.0 = Debug|Any CPU
		{7B377F09-D92F-4844-AFC7-6642AC6174D1}.Release|Any CPU.ActiveCfg = Release|Any CPU
		{7B377F09-D92F-4844-AFC7-6642AC6174D1}.Release|Any CPU.Build.0 = Release|Any CPU
		{FBB5388A-4AFD-4891-A90A-51E59E364278}.Debug|Any CPU.ActiveCfg = Debug|Any CPU
		{FBB5388A-4AFD-4891-A90A-51E59E364278}.Debug|Any CPU.Build.0 = Debug|Any CPU
		{FBB5388A-4AFD-4891-A90A-51E59E364278}.Release|Any CPU.ActiveCfg = Release|Any CPU
		{FBB5388A-4AFD-4891-A90A-51E59E364278}.Release|Any CPU.Build.0 = Release|Any CPU
		{50F9C440-4B10-4890-A266-A890341382EA}.Debug|Any CPU.ActiveCfg = Debug|Any CPU
		{50F9C440-4B10-4890-A266-A890341382EA}.Debug|Any CPU.Build.0 = Debug|Any CPU
		{50F9C440-4B10-4890-A266-A890341382EA}.Release|Any CPU.ActiveCfg = Release|Any CPU
		{50F9C440-4B10-4890-A266-A890341382EA}.Release|Any CPU.Build.0 = Release|Any CPU
		{955DBECF-08AD-4279-BEC1-FFFE8E6BD716}.Debug|Any CPU.ActiveCfg = Debug|Any CPU
		{955DBECF-08AD-4279-BEC1-FFFE8E6BD716}.Debug|Any CPU.Build.0 = Debug|Any CPU
		{955DBECF-08AD-4279-BEC1-FFFE8E6BD716}.Release|Any CPU.ActiveCfg = Release|Any CPU
		{955DBECF-08AD-4279-BEC1-FFFE8E6BD716}.Release|Any CPU.Build.0 = Release|Any CPU
		{A1C82905-D3CD-4AE3-A721-A87DD6CCAC7C}.Debug|Any CPU.ActiveCfg = Debug|Any CPU
		{A1C82905-D3CD-4AE3-A721-A87DD6CCAC7C}.Debug|Any CPU.Build.0 = Debug|Any CPU
		{A1C82905-D3CD-4AE3-A721-A87DD6CCAC7C}.Release|Any CPU.ActiveCfg = Release|Any CPU
		{A1C82905-D3CD-4AE3-A721-A87DD6CCAC7C}.Release|Any CPU.Build.0 = Release|Any CPU
		{951A12A2-5F7D-4B70-922F-0C732E19674C}.Debug|Any CPU.ActiveCfg = Debug|Any CPU
		{951A12A2-5F7D-4B70-922F-0C732E19674C}.Debug|Any CPU.Build.0 = Debug|Any CPU
		{951A12A2-5F7D-4B70-922F-0C732E19674C}.Release|Any CPU.ActiveCfg = Release|Any CPU
		{951A12A2-5F7D-4B70-922F-0C732E19674C}.Release|Any CPU.Build.0 = Release|Any CPU
		{E8456FDA-3423-4A10-9502-0E35D2016B22}.Debug|Any CPU.ActiveCfg = Debug|Any CPU
		{E8456FDA-3423-4A10-9502-0E35D2016B22}.Debug|Any CPU.Build.0 = Debug|Any CPU
		{E8456FDA-3423-4A10-9502-0E35D2016B22}.Release|Any CPU.ActiveCfg = Release|Any CPU
		{E8456FDA-3423-4A10-9502-0E35D2016B22}.Release|Any CPU.Build.0 = Release|Any CPU
		{79D843C8-6ADF-4ACB-A0D4-CCEAE251F8FE}.Debug|Any CPU.ActiveCfg = Debug|Any CPU
		{79D843C8-6ADF-4ACB-A0D4-CCEAE251F8FE}.Debug|Any CPU.Build.0 = Debug|Any CPU
		{79D843C8-6ADF-4ACB-A0D4-CCEAE251F8FE}.Release|Any CPU.ActiveCfg = Release|Any CPU
		{79D843C8-6ADF-4ACB-A0D4-CCEAE251F8FE}.Release|Any CPU.Build.0 = Release|Any CPU
	EndGlobalSection
	GlobalSection(SolutionProperties) = preSolution
		HideSolutionNode = FALSE
	EndGlobalSection
	GlobalSection(NestedProjects) = preSolution
		{6D06F2CF-1D9D-43DA-AD0D-1EE0BE986481} = {7EE4BD3E-BA14-4823-A5E7-1464B3591407}
		{156ECBF1-D1FF-48C5-94F8-362D05263C61} = {7EE4BD3E-BA14-4823-A5E7-1464B3591407}
		{D1C6E7C5-3018-41AC-AD56-A054FF310B57} = {7EE4BD3E-BA14-4823-A5E7-1464B3591407}
		{A2D4331D-EA4B-4F01-83EF-D2EE4A8097A7} = {7EE4BD3E-BA14-4823-A5E7-1464B3591407}
		{50F9C440-4B10-4890-A266-A890341382EA} = {7EE4BD3E-BA14-4823-A5E7-1464B3591407}
		{655AC9AF-B85B-43D3-B989-6FEA80417042} = {9CDC27E2-01F4-4AA6-972C-D140415AA103}
		{955DBECF-08AD-4279-BEC1-FFFE8E6BD716} = {655AC9AF-B85B-43D3-B989-6FEA80417042}
		{951A12A2-5F7D-4B70-922F-0C732E19674C} = {655AC9AF-B85B-43D3-B989-6FEA80417042}
		{E8456FDA-3423-4A10-9502-0E35D2016B22} = {655AC9AF-B85B-43D3-B989-6FEA80417042}
		{A1C82905-D3CD-4AE3-A721-A87DD6CCAC7C} = {655AC9AF-B85B-43D3-B989-6FEA80417042}
		{79D843C8-6ADF-4ACB-A0D4-CCEAE251F8FE} = {655AC9AF-B85B-43D3-B989-6FEA80417042}
		{7E78BA60-159E-4E0C-973F-F00DA159D68C} = {9CDC27E2-01F4-4AA6-972C-D140415AA103}
		{ECCF70FF-4296-4680-AD53-AA8352C4D663} = {7E78BA60-159E-4E0C-973F-F00DA159D68C}
		{7B377F09-D92F-4844-AFC7-6642AC6174D1} = {7E78BA60-159E-4E0C-973F-F00DA159D68C}
		{95D6BB4B-77E8-42F2-B9FC-E6740DC89437} = {7E78BA60-159E-4E0C-973F-F00DA159D68C}
		{EAF57617-5657-47D1-A719-424E1D6A63E8} = {7E78BA60-159E-4E0C-973F-F00DA159D68C}
		{FBB5388A-4AFD-4891-A90A-51E59E364278} = {7E78BA60-159E-4E0C-973F-F00DA159D68C}
	EndGlobalSection
	GlobalSection(ExtensibilityGlobals) = postSolution
		SolutionGuid = {3167DB00-67A4-49E7-A52F-CE3B5DBE02A6}
	EndGlobalSection
EndGlobal
